
Microsoft Visual Studio Solution File, Format Version 12.00
# Visual Studio Version 17
VisualStudioVersion = 17.14.36414.22
MinimumVisualStudioVersion = 10.0.40219.1
Project("{2150E333-8FDC-42A3-9474-1A3956D46DE8}") = "src", "src", "{02EA681E-C7D8-13C7-8484-4AC65E1B71E8}"
EndProject
Project("{2150E333-8FDC-42A3-9474-1A3956D46DE8}") = "shared", "shared", "{BE5D56BA-4197-44E5-8435-727287D6B19F}"
EndProject
Project("{2150E333-8FDC-42A3-9474-1A3956D46DE8}") = "IdentityService", "IdentityService", "{0FDAC190-BB70-41E7-9AE1-AAD4F1A21F03}"
EndProject
Project("{FAE04EC0-301F-11D3-BF4B-00C04F79EFBC}") = "IdentityService.Api", "IdentityService.Api\IdentityService.Api.csproj", "{456D80B4-2F6B-477C-8269-738D6827A573}"
EndProject
Project("{FAE04EC0-301F-11D3-BF4B-00C04F79EFBC}") = "IdentityService.Domain", "IdentityService.Domain\IdentityService.Domain.csproj", "{025BD8B7-9AEE-426C-88B4-07480A8D9CF3}"
EndProject
Project("{FAE04EC0-301F-11D3-BF4B-00C04F79EFBC}") = "IdentityService.Application", "IdentityService.Application\IdentityService.Application.csproj", "{D853C888-AAFD-405D-928F-E9322679A2FA}"
EndProject
Project("{FAE04EC0-301F-11D3-BF4B-00C04F79EFBC}") = "IdentityService.Infrastructure", "IdentityService.Infrastructure\IdentityService.Infrastructure.csproj", "{D6B476FF-FEBB-476A-824D-D25A2B3D185D}"
EndProject
Project("{2150E333-8FDC-42A3-9474-1A3956D46DE8}") = "Solution Items", "Solution Items", "{8EC462FD-D22E-90A8-E5CE-7E832BA40C5D}"
	ProjectSection(SolutionItems) = preProject
		.gitignore = .gitignore
	EndProjectSection
EndProject
Global
	GlobalSection(SolutionConfigurationPlatforms) = preSolution
		Debug|Any CPU = Debug|Any CPU
		Release|Any CPU = Release|Any CPU
	EndGlobalSection
	GlobalSection(ProjectConfigurationPlatforms) = postSolution
		{456D80B4-2F6B-477C-8269-738D6827A573}.Debug|Any CPU.ActiveCfg = Debug|Any CPU
		{456D80B4-2F6B-477C-8269-738D6827A573}.Debug|Any CPU.Build.0 = Debug|Any CPU
		{456D80B4-2F6B-477C-8269-738D6827A573}.Release|Any CPU.ActiveCfg = Release|Any CPU
		{456D80B4-2F6B-477C-8269-738D6827A573}.Release|Any CPU.Build.0 = Release|Any CPU
		{025BD8B7-9AEE-426C-88B4-07480A8D9CF3}.Debug|Any CPU.ActiveCfg = Debug|Any CPU
		{025BD8B7-9AEE-426C-88B4-07480A8D9CF3}.Debug|Any CPU.Build.0 = Debug|Any CPU
		{025BD8B7-9AEE-426C-88B4-07480A8D9CF3}.Release|Any CPU.ActiveCfg = Release|Any CPU
		{025BD8B7-9AEE-426C-88B4-07480A8D9CF3}.Release|Any CPU.Build.0 = Release|Any CPU
		{D853C888-AAFD-405D-928F-E9322679A2FA}.Debug|Any CPU.ActiveCfg = Debug|Any CPU
		{D853C888-AAFD-405D-928F-E9322679A2FA}.Debug|Any CPU.Build.0 = Debug|Any CPU
		{D853C888-AAFD-405D-928F-E9322679A2FA}.Release|Any CPU.ActiveCfg = Release|Any CPU
		{D853C888-AAFD-405D-928F-E9322679A2FA}.Release|Any CPU.Build.0 = Release|Any CPU
		{D6B476FF-FEBB-476A-824D-D25A2B3D185D}.Debug|Any CPU.ActiveCfg = Debug|Any CPU
		{D6B476FF-FEBB-476A-824D-D25A2B3D185D}.Debug|Any CPU.Build.0 = Debug|Any CPU
		{D6B476FF-FEBB-476A-824D-D25A2B3D185D}.Release|Any CPU.ActiveCfg = Release|Any CPU
		{D6B476FF-FEBB-476A-824D-D25A2B3D185D}.Release|Any CPU.Build.0 = Release|Any CPU
	EndGlobalSection
	GlobalSection(SolutionProperties) = preSolution
		HideSolutionNode = FALSE
	EndGlobalSection
	GlobalSection(NestedProjects) = preSolution
		{0FDAC190-BB70-41E7-9AE1-AAD4F1A21F03} = {02EA681E-C7D8-13C7-8484-4AC65E1B71E8}
		{456D80B4-2F6B-477C-8269-738D6827A573} = {0FDAC190-BB70-41E7-9AE1-AAD4F1A21F03}
		{025BD8B7-9AEE-426C-88B4-07480A8D9CF3} = {0FDAC190-BB70-41E7-9AE1-AAD4F1A21F03}
		{D853C888-AAFD-405D-928F-E9322679A2FA} = {0FDAC190-BB70-41E7-9AE1-AAD4F1A21F03}
		{D6B476FF-FEBB-476A-824D-D25A2B3D185D} = {0FDAC190-BB70-41E7-9AE1-AAD4F1A21F03}
	EndGlobalSection
	GlobalSection(ExtensibilityGlobals) = postSolution
		SolutionGuid = {B7857333-838D-4FDA-A840-707779184167}
	EndGlobalSection
EndGlobal
