
Microsoft Visual Studio Solution File, Format Version 12.00
# Visual Studio Version 17
VisualStudioVersion = 17.14.36414.22
MinimumVisualStudioVersion = 10.0.40219.1
Project("{2150E333-8FDC-42A3-9474-1A3956D46DE8}") = "src", "src", "{02EA681E-C7D8-13C7-8484-4AC65E1B71E8}"
EndProject
Project("{2150E333-8FDC-42A3-9474-1A3956D46DE8}") = "shared", "shared", "{BE5D56BA-4197-44E5-8435-727287D6B19F}"
EndProject
Project("{2150E333-8FDC-42A3-9474-1A3956D46DE8}") = "IdentityService", "IdentityService", "{0FDAC190-BB70-41E7-9AE1-AAD4F1A21F03}"
EndProject
Project("{FAE04EC0-301F-11D3-BF4B-00C04F79EFBC}") = "IdentityService.Api", "IdentityService.Api\IdentityService.Api.csproj", "{456D80B4-2F6B-477C-8269-738D6827A573}"
EndProject
Project("{FAE04EC0-301F-11D3-BF4B-00C04F79EFBC}") = "IdentityService.Domain", "IdentityService.Domain\IdentityService.Domain.csproj", "{025BD8B7-9AEE-426C-88B4-07480A8D9CF3}"
EndProject
Project("{FAE04EC0-301F-11D3-BF4B-00C04F79EFBC}") = "IdentityService.Application", "IdentityService.Application\IdentityService.Application.csproj", "{D853C888-AAFD-405D-928F-E9322679A2FA}"
EndProject
Project("{FAE04EC0-301F-11D3-BF4B-00C04F79EFBC}") = "IdentityService.Infrastructure", "IdentityService.Infrastructure\IdentityService.Infrastructure.csproj", "{D6B476FF-FEBB-476A-824D-D25A2B3D185D}"
EndProject
Project("{2150E333-8FDC-42A3-9474-1A3956D46DE8}") = "Solution Items", "Solution Items", "{8EC462FD-D22E-90A8-E5CE-7E832BA40C5D}"
	ProjectSection(SolutionItems) = preProject
		.gitignore = .gitignore
	EndProjectSection
EndProject
Project("{2150E333-8FDC-42A3-9474-1A3956D46DE8}") = "MembersService", "MembersService", "{26AF0B68-FD6B-49E1-A893-5B1D6D16416A}"
EndProject
Project("{FAE04EC0-301F-11D3-BF4B-00C04F79EFBC}") = "MembersService.Domain", "MembersService.Domain\MembersService.Domain.csproj", "{8A887282-F23A-4B16-8F59-96043356CE88}"
EndProject
Project("{FAE04EC0-301F-11D3-BF4B-00C04F79EFBC}") = "Common", "Common\Common.csproj", "{4EDCB096-8E32-43E0-9DF2-E36F2B85B113}"
EndProject
Project("{FAE04EC0-301F-11D3-BF4B-00C04F79EFBC}") = "MembersService.Infrastructure", "MembersService.Infrastructure\MembersService.Infrastructure.csproj", "{FEAC1C64-6638-4FA8-9D85-EB9297AFF3E8}"
EndProject
Project("{FAE04EC0-301F-11D3-BF4B-00C04F79EFBC}") = "MembersService.Application", "MembersService.Application\MembersService.Application.csproj", "{33632F79-2995-4FC3-BA80-01C07BEE0C7F}"
EndProject
Project("{FAE04EC0-301F-11D3-BF4B-00C04F79EFBC}") = "MembersService.API", "MembersService.API\MembersService.API.csproj", "{690D3A05-7C68-49B0-B11E-83189148826F}"
EndProject
Project("{2150E333-8FDC-42A3-9474-1A3956D46DE8}") = "SubscriptionService", "SubscriptionService", "{FC519309-A873-4FFC-91AE-1C7E3064C2FC}"
EndProject
Project("{FAE04EC0-301F-11D3-BF4B-00C04F79EFBC}") = "SubscriptionService.Domain", "SubscriptionService.Domain\SubscriptionService.Domain.csproj", "{A5C615B3-12ED-4E46-9673-6F10C1DCADFE}"
EndProject
Project("{FAE04EC0-301F-11D3-BF4B-00C04F79EFBC}") = "SubscriptionService.Infrastructure", "SubscriptionService.Infrastructure\SubscriptionService.Infrastructure.csproj", "{0AB0A8F8-5B9E-4C85-B149-1A290C0DAE8A}"
EndProject
Project("{FAE04EC0-301F-11D3-BF4B-00C04F79EFBC}") = "SubscriptionService.Application", "SubscriptionService.Application\SubscriptionService.Application.csproj", "{9008965D-FEF1-4591-B24C-94214848A73B}"
EndProject
Project("{FAE04EC0-301F-11D3-BF4B-00C04F79EFBC}") = "SubscriptionService.API", "SubscriptionService\SubscriptionService.API.csproj", "{5C7700D8-A8DE-4447-97E7-6D9833E34185}"
EndProject
Project("{2150E333-8FDC-42A3-9474-1A3956D46DE8}") = "PaymentService", "PaymentService", "{20B115F5-63A5-4C57-B45E-CF43C043CAB4}"
EndProject
Project("{FAE04EC0-301F-11D3-BF4B-00C04F79EFBC}") = "PaymentService.Domian", "PaymentService.Domian\PaymentService.Domian.csproj", "{B8994899-0F98-495B-B470-0DD708215255}"
EndProject
Project("{FAE04EC0-301F-11D3-BF4B-00C04F79EFBC}") = "PaymentService.Infrastructure", "PaymentService.Infrastructure\PaymentService.Infrastructure.csproj", "{E8D25AC7-546F-4F86-972C-B3F5C1BEF103}"
EndProject
Project("{FAE04EC0-301F-11D3-BF4B-00C04F79EFBC}") = "PaymentService.Application", "PaymentService.Application\PaymentService.Application.csproj", "{62B26D25-9700-4AF5-92F1-FF2EFFF8CF9C}"
EndProject
Project("{FAE04EC0-301F-11D3-BF4B-00C04F79EFBC}") = "PaymentService.API", "PaymentService.API\PaymentService.API.csproj", "{F9C1861A-AB77-4AE7-86F6-F7DA5BFC1323}"
EndProject
Global
	GlobalSection(SolutionConfigurationPlatforms) = preSolution
		Debug|Any CPU = Debug|Any CPU
		Release|Any CPU = Release|Any CPU
	EndGlobalSection
	GlobalSection(ProjectConfigurationPlatforms) = postSolution
		{456D80B4-2F6B-477C-8269-738D6827A573}.Debug|Any CPU.ActiveCfg = Debug|Any CPU
		{456D80B4-2F6B-477C-8269-738D6827A573}.Debug|Any CPU.Build.0 = Debug|Any CPU
		{456D80B4-2F6B-477C-8269-738D6827A573}.Release|Any CPU.ActiveCfg = Release|Any CPU
		{456D80B4-2F6B-477C-8269-738D6827A573}.Release|Any CPU.Build.0 = Release|Any CPU
		{025BD8B7-9AEE-426C-88B4-07480A8D9CF3}.Debug|Any CPU.ActiveCfg = Debug|Any CPU
		{025BD8B7-9AEE-426C-88B4-07480A8D9CF3}.Debug|Any CPU.Build.0 = Debug|Any CPU
		{025BD8B7-9AEE-426C-88B4-07480A8D9CF3}.Release|Any CPU.ActiveCfg = Release|Any CPU
		{025BD8B7-9AEE-426C-88B4-07480A8D9CF3}.Release|Any CPU.Build.0 = Release|Any CPU
		{D853C888-AAFD-405D-928F-E9322679A2FA}.Debug|Any CPU.ActiveCfg = Debug|Any CPU
		{D853C888-AAFD-405D-928F-E9322679A2FA}.Debug|Any CPU.Build.0 = Debug|Any CPU
		{D853C888-AAFD-405D-928F-E9322679A2FA}.Release|Any CPU.ActiveCfg = Release|Any CPU
		{D853C888-AAFD-405D-928F-E9322679A2FA}.Release|Any CPU.Build.0 = Release|Any CPU
		{D6B476FF-FEBB-476A-824D-D25A2B3D185D}.Debug|Any CPU.ActiveCfg = Debug|Any CPU
		{D6B476FF-FEBB-476A-824D-D25A2B3D185D}.Debug|Any CPU.Build.0 = Debug|Any CPU
		{D6B476FF-FEBB-476A-824D-D25A2B3D185D}.Release|Any CPU.ActiveCfg = Release|Any CPU
		{D6B476FF-FEBB-476A-824D-D25A2B3D185D}.Release|Any CPU.Build.0 = Release|Any CPU
		{8A887282-F23A-4B16-8F59-96043356CE88}.Debug|Any CPU.ActiveCfg = Debug|Any CPU
		{8A887282-F23A-4B16-8F59-96043356CE88}.Debug|Any CPU.Build.0 = Debug|Any CPU
		{8A887282-F23A-4B16-8F59-96043356CE88}.Release|Any CPU.ActiveCfg = Release|Any CPU
		{8A887282-F23A-4B16-8F59-96043356CE88}.Release|Any CPU.Build.0 = Release|Any CPU
		{4EDCB096-8E32-43E0-9DF2-E36F2B85B113}.Debug|Any CPU.ActiveCfg = Debug|Any CPU
		{4EDCB096-8E32-43E0-9DF2-E36F2B85B113}.Debug|Any CPU.Build.0 = Debug|Any CPU
		{4EDCB096-8E32-43E0-9DF2-E36F2B85B113}.Release|Any CPU.ActiveCfg = Release|Any CPU
		{4EDCB096-8E32-43E0-9DF2-E36F2B85B113}.Release|Any CPU.Build.0 = Release|Any CPU
		{FEAC1C64-6638-4FA8-9D85-EB9297AFF3E8}.Debug|Any CPU.ActiveCfg = Debug|Any CPU
		{FEAC1C64-6638-4FA8-9D85-EB9297AFF3E8}.Debug|Any CPU.Build.0 = Debug|Any CPU
		{FEAC1C64-6638-4FA8-9D85-EB9297AFF3E8}.Release|Any CPU.ActiveCfg = Release|Any CPU
		{FEAC1C64-6638-4FA8-9D85-EB9297AFF3E8}.Release|Any CPU.Build.0 = Release|Any CPU
		{33632F79-2995-4FC3-BA80-01C07BEE0C7F}.Debug|Any CPU.ActiveCfg = Debug|Any CPU
		{33632F79-2995-4FC3-BA80-01C07BEE0C7F}.Debug|Any CPU.Build.0 = Debug|Any CPU
		{33632F79-2995-4FC3-BA80-01C07BEE0C7F}.Release|Any CPU.ActiveCfg = Release|Any CPU
		{33632F79-2995-4FC3-BA80-01C07BEE0C7F}.Release|Any CPU.Build.0 = Release|Any CPU
		{690D3A05-7C68-49B0-B11E-83189148826F}.Debug|Any CPU.ActiveCfg = Debug|Any CPU
		{690D3A05-7C68-49B0-B11E-83189148826F}.Debug|Any CPU.Build.0 = Debug|Any CPU
		{690D3A05-7C68-49B0-B11E-83189148826F}.Release|Any CPU.ActiveCfg = Release|Any CPU
		{690D3A05-7C68-49B0-B11E-83189148826F}.Release|Any CPU.Build.0 = Release|Any CPU
		{A5C615B3-12ED-4E46-9673-6F10C1DCADFE}.Debug|Any CPU.ActiveCfg = Debug|Any CPU
		{A5C615B3-12ED-4E46-9673-6F10C1DCADFE}.Debug|Any CPU.Build.0 = Debug|Any CPU
		{A5C615B3-12ED-4E46-9673-6F10C1DCADFE}.Release|Any CPU.ActiveCfg = Release|Any CPU
		{A5C615B3-12ED-4E46-9673-6F10C1DCADFE}.Release|Any CPU.Build.0 = Release|Any CPU
		{0AB0A8F8-5B9E-4C85-B149-1A290C0DAE8A}.Debug|Any CPU.ActiveCfg = Debug|Any CPU
		{0AB0A8F8-5B9E-4C85-B149-1A290C0DAE8A}.Debug|Any CPU.Build.0 = Debug|Any CPU
		{0AB0A8F8-5B9E-4C85-B149-1A290C0DAE8A}.Release|Any CPU.ActiveCfg = Release|Any CPU
		{0AB0A8F8-5B9E-4C85-B149-1A290C0DAE8A}.Release|Any CPU.Build.0 = Release|Any CPU
		{9008965D-FEF1-4591-B24C-94214848A73B}.Debug|Any CPU.ActiveCfg = Debug|Any CPU
		{9008965D-FEF1-4591-B24C-94214848A73B}.Debug|Any CPU.Build.0 = Debug|Any CPU
		{9008965D-FEF1-4591-B24C-94214848A73B}.Release|Any CPU.ActiveCfg = Release|Any CPU
		{9008965D-FEF1-4591-B24C-94214848A73B}.Release|Any CPU.Build.0 = Release|Any CPU
		{5C7700D8-A8DE-4447-97E7-6D9833E34185}.Debug|Any CPU.ActiveCfg = Debug|Any CPU
		{5C7700D8-A8DE-4447-97E7-6D9833E34185}.Debug|Any CPU.Build.0 = Debug|Any CPU
		{5C7700D8-A8DE-4447-97E7-6D9833E34185}.Release|Any CPU.ActiveCfg = Release|Any CPU
		{5C7700D8-A8DE-4447-97E7-6D9833E34185}.Release|Any CPU.Build.0 = Release|Any CPU
		{B8994899-0F98-495B-B470-0DD708215255}.Debug|Any CPU.ActiveCfg = Debug|Any CPU
		{B8994899-0F98-495B-B470-0DD708215255}.Debug|Any CPU.Build.0 = Debug|Any CPU
		{B8994899-0F98-495B-B470-0DD708215255}.Release|Any CPU.ActiveCfg = Release|Any CPU
		{B8994899-0F98-495B-B470-0DD708215255}.Release|Any CPU.Build.0 = Release|Any CPU
		{E8D25AC7-546F-4F86-972C-B3F5C1BEF103}.Debug|Any CPU.ActiveCfg = Debug|Any CPU
		{E8D25AC7-546F-4F86-972C-B3F5C1BEF103}.Debug|Any CPU.Build.0 = Debug|Any CPU
		{E8D25AC7-546F-4F86-972C-B3F5C1BEF103}.Release|Any CPU.ActiveCfg = Release|Any CPU
		{E8D25AC7-546F-4F86-972C-B3F5C1BEF103}.Release|Any CPU.Build.0 = Release|Any CPU
		{62B26D25-9700-4AF5-92F1-FF2EFFF8CF9C}.Debug|Any CPU.ActiveCfg = Debug|Any CPU
		{62B26D25-9700-4AF5-92F1-FF2EFFF8CF9C}.Debug|Any CPU.Build.0 = Debug|Any CPU
		{62B26D25-9700-4AF5-92F1-FF2EFFF8CF9C}.Release|Any CPU.ActiveCfg = Release|Any CPU
		{62B26D25-9700-4AF5-92F1-FF2EFFF8CF9C}.Release|Any CPU.Build.0 = Release|Any CPU
		{F9C1861A-AB77-4AE7-86F6-F7DA5BFC1323}.Debug|Any CPU.ActiveCfg = Debug|Any CPU
		{F9C1861A-AB77-4AE7-86F6-F7DA5BFC1323}.Debug|Any CPU.Build.0 = Debug|Any CPU
		{F9C1861A-AB77-4AE7-86F6-F7DA5BFC1323}.Release|Any CPU.ActiveCfg = Release|Any CPU
		{F9C1861A-AB77-4AE7-86F6-F7DA5BFC1323}.Release|Any CPU.Build.0 = Release|Any CPU
	EndGlobalSection
	GlobalSection(SolutionProperties) = preSolution
		HideSolutionNode = FALSE
	EndGlobalSection
	GlobalSection(NestedProjects) = preSolution
		{0FDAC190-BB70-41E7-9AE1-AAD4F1A21F03} = {02EA681E-C7D8-13C7-8484-4AC65E1B71E8}
		{456D80B4-2F6B-477C-8269-738D6827A573} = {0FDAC190-BB70-41E7-9AE1-AAD4F1A21F03}
		{025BD8B7-9AEE-426C-88B4-07480A8D9CF3} = {0FDAC190-BB70-41E7-9AE1-AAD4F1A21F03}
		{D853C888-AAFD-405D-928F-E9322679A2FA} = {0FDAC190-BB70-41E7-9AE1-AAD4F1A21F03}
		{D6B476FF-FEBB-476A-824D-D25A2B3D185D} = {0FDAC190-BB70-41E7-9AE1-AAD4F1A21F03}
		{26AF0B68-FD6B-49E1-A893-5B1D6D16416A} = {02EA681E-C7D8-13C7-8484-4AC65E1B71E8}
		{8A887282-F23A-4B16-8F59-96043356CE88} = {26AF0B68-FD6B-49E1-A893-5B1D6D16416A}
		{4EDCB096-8E32-43E0-9DF2-E36F2B85B113} = {BE5D56BA-4197-44E5-8435-727287D6B19F}
		{FEAC1C64-6638-4FA8-9D85-EB9297AFF3E8} = {26AF0B68-FD6B-49E1-A893-5B1D6D16416A}
		{33632F79-2995-4FC3-BA80-01C07BEE0C7F} = {26AF0B68-FD6B-49E1-A893-5B1D6D16416A}
		{690D3A05-7C68-49B0-B11E-83189148826F} = {26AF0B68-FD6B-49E1-A893-5B1D6D16416A}
		{FC519309-A873-4FFC-91AE-1C7E3064C2FC} = {02EA681E-C7D8-13C7-8484-4AC65E1B71E8}
		{A5C615B3-12ED-4E46-9673-6F10C1DCADFE} = {FC519309-A873-4FFC-91AE-1C7E3064C2FC}
		{0AB0A8F8-5B9E-4C85-B149-1A290C0DAE8A} = {FC519309-A873-4FFC-91AE-1C7E3064C2FC}
		{9008965D-FEF1-4591-B24C-94214848A73B} = {FC519309-A873-4FFC-91AE-1C7E3064C2FC}
		{5C7700D8-A8DE-4447-97E7-6D9833E34185} = {FC519309-A873-4FFC-91AE-1C7E3064C2FC}
		{20B115F5-63A5-4C57-B45E-CF43C043CAB4} = {02EA681E-C7D8-13C7-8484-4AC65E1B71E8}
		{B8994899-0F98-495B-B470-0DD708215255} = {20B115F5-63A5-4C57-B45E-CF43C043CAB4}
		{E8D25AC7-546F-4F86-972C-B3F5C1BEF103} = {20B115F5-63A5-4C57-B45E-CF43C043CAB4}
		{62B26D25-9700-4AF5-92F1-FF2EFFF8CF9C} = {20B115F5-63A5-4C57-B45E-CF43C043CAB4}
		{F9C1861A-AB77-4AE7-86F6-F7DA5BFC1323} = {20B115F5-63A5-4C57-B45E-CF43C043CAB4}
	EndGlobalSection
	GlobalSection(ExtensibilityGlobals) = postSolution
		SolutionGuid = {B7857333-838D-4FDA-A840-707779184167}
	EndGlobalSection
EndGlobal
